<?xml version="1.0" encoding="utf-8"?>
<Project ToolsVersion="4.0" xmlns="http://schemas.microsoft.com/developer/msbuild/2003">
  <ItemGroup>
    <Filter Include="Source Files">
      <UniqueIdentifier>{4FC737F1-C7A5-4376-A066-2A32D752A2FF}</UniqueIdentifier>
      <Extensions>cpp;c;cc;cxx;c++;cppm;ixx;def;odl;idl;hpj;bat;asm;asmx</Extensions>
    </Filter>
    <Filter Include="Entities">
      <UniqueIdentifier>{f51471da-9e52-4578-8986-9195faef7a51}</UniqueIdentifier>
    </Filter>
    <Filter Include="Core">
      <UniqueIdentifier>{63ff26eb-fa9a-438c-b66c-ee3ffdab5a0b}</UniqueIdentifier>
    </Filter>
    <Filter Include="World">
      <UniqueIdentifier>{dfa9ac59-5d86-40e2-8ef1-7c3692815789}</UniqueIdentifier>
    </Filter>
    <Filter Include="AI">
      <UniqueIdentifier>{8d92c4df-d203-4ec2-9353-e27a4e401ed6}</UniqueIdentifier>
    </Filter>
    <Filter Include="UI">
      <UniqueIdentifier>{5aed04e8-b7de-4c40-b49f-c66c1d55fe41}</UniqueIdentifier>
    </Filter>
    <Filter Include="Items">
      <UniqueIdentifier>{1f9e22b5-33a3-4c98-bf51-1d2c4b71171a}</UniqueIdentifier>
    </Filter>
    <Filter Include="Stats">
      <UniqueIdentifier>{a9917a34-5af7-44a7-9869-316078d6eb7e}</UniqueIdentifier>
    </Filter>
    <Filter Include="Graphics">
      <UniqueIdentifier>{fe5a659f-9c0a-4dfa-b881-062770fe98c0}</UniqueIdentifier>
    </Filter>
  </ItemGroup>
  <ItemGroup>
    <ClCompile Include="main.cpp">
      <Filter>Source Files</Filter>
    </ClCompile>
    <ClCompile Include="Game.cpp">
      <Filter>Core</Filter>
    </ClCompile>
    <ClCompile Include="Player.cpp">
      <Filter>Entities</Filter>
    </ClCompile>
    <ClCompile Include="TileMap.cpp">
      <Filter>World</Filter>
    </ClCompile>
    <ClCompile Include="Enemy.cpp">
      <Filter>Entities</Filter>
    </ClCompile>
    <ClCompile Include="Projectile.cpp">
      <Filter>Entities</Filter>
    </ClCompile>
    <ClCompile Include="Pathfinding.cpp">
      <Filter>AI</Filter>
    </ClCompile>
    <ClCompile Include="HUD.cpp">
      <Filter>UI</Filter>
    </ClCompile>
    <ClCompile Include="Dungeon.cpp">
      <Filter>World</Filter>
    </ClCompile>
    <ClCompile Include="Room.cpp">
      <Filter>World</Filter>
    </ClCompile>
    <ClCompile Include="Weapon.cpp">
      <Filter>Entities</Filter>
    </ClCompile>
    <ClCompile Include="Chest.cpp">
      <Filter>Items</Filter>
    </ClCompile>
    <ClCompile Include="Pickup.cpp">
      <Filter>Items</Filter>
    </ClCompile>
    <ClCompile Include="MainMenu.cpp">
      <Filter>UI</Filter>
    </ClCompile>
    <ClCompile Include="Stats.cpp">
      <Filter>Stats</Filter>
    </ClCompile>
    <ClCompile Include="Assets.cpp">
      <Filter>Graphics</Filter>
    </ClCompile>
  </ItemGroup>
  <ItemGroup>
    <None Include="sfml-window-d-2.dll" />
    <None Include="sfml-window-2.dll" />
    <None Include="sfml-system-d-2.dll" />
    <None Include="sfml-network-d-2.dll" />
    <None Include="sfml-system-2.dll" />
    <None Include="sfml-network-2.dll" />
    <None Include="sfml-graphics-d-2.dll" />
    <None Include="sfml-graphics-2.dll" />
    <None Include="sfml-audio-d-2.dll" />
    <None Include="sfml-audio-2.dll" />
    <None Include="openal32.dll" />
  </ItemGroup>
  <ItemGroup>
    <ClInclude Include="Player.h">
      <Filter>Entities</Filter>
    </ClInclude>
    <ClInclude Include="TileMap.h">
      <Filter>World</Filter>
    </ClInclude>
    <ClInclude Include="Enemy.h">
      <Filter>Entities</Filter>
    </ClInclude>
    <ClInclude Include="Projectile.h">
      <Filter>Entities</Filter>
    </ClInclude>
    <ClInclude Include="Pathfinding.h">
      <Filter>AI</Filter>
    </ClInclude>
    <ClInclude Include="HUD.h">
      <Filter>UI</Filter>
    </ClInclude>
    <ClInclude Include="Dungeon.h">
      <Filter>World</Filter>
    </ClInclude>
    <ClInclude Include="Room.h">
      <Filter>World</Filter>
    </ClInclude>
    <ClInclude Include="Weapon.h">
      <Filter>Entities</Filter>
    </ClInclude>
    <ClInclude Include="Chest.h">
      <Filter>Items</Filter>
    </ClInclude>
    <ClInclude Include="Pickup.h">
      <Filter>Items</Filter>
    </ClInclude>
    <ClInclude Include="MainMenu.h">
      <Filter>UI</Filter>
    </ClInclude>
    <ClInclude Include="Game.h">
      <Filter>Core</Filter>
    </ClInclude>
    <ClInclude Include="Entity.h">
      <Filter>Entities</Filter>
    </ClInclude>
    <ClInclude Include="Stats.h">
      <Filter>Stats</Filter>
    </ClInclude>
    <ClInclude Include="Assets.h">
      <Filter>Graphics</Filter>
    </ClInclude>
  </ItemGroup>
</Project>